// !$*UTF8*$!
{
	archiveVersion = 1;
	classes = {
	};
	objectVersion = 50;
	objects = {

/* Begin PBXBuildFile section */
		4BE70617263D0974006A1442 /* AppDelegate.swift in Sources */ = {isa = PBXBuildFile; fileRef = 4BE70616263D0974006A1442 /* AppDelegate.swift */; };
		4BE7061A263D0974006A1442 /* Main.storyboard in Resources */ = {isa = PBXBuildFile; fileRef = 4BE70618263D0974006A1442 /* Main.storyboard */; };
		4BE7061C263D0974006A1442 /* ViewController.swift in Sources */ = {isa = PBXBuildFile; fileRef = 4BE7061B263D0974006A1442 /* ViewController.swift */; };
		4BE7061E263D0977006A1442 /* Assets.xcassets in Resources */ = {isa = PBXBuildFile; fileRef = 4BE7061D263D0977006A1442 /* Assets.xcassets */; };
		4BE70625263D0977006A1442 /* Booble Extension.appex in Embed App Extensions */ = {isa = PBXBuildFile; fileRef = 4BE70624263D0977006A1442 /* Booble Extension.appex */; settings = {ATTRIBUTES = (RemoveHeadersOnCopy, ); }; };
		4BE7062A263D0977006A1442 /* Cocoa.framework in Frameworks */ = {isa = PBXBuildFile; fileRef = 4BE70629263D0977006A1442 /* Cocoa.framework */; };
		4BE7062D263D0977006A1442 /* SafariWebExtensionHandler.swift in Sources */ = {isa = PBXBuildFile; fileRef = 4BE7062C263D0977006A1442 /* SafariWebExtensionHandler.swift */; };
		4BE7063E263D0978006A1442 /* images in Resources */ = {isa = PBXBuildFile; fileRef = 4BE7063A263D0978006A1442 /* images */; };
		4BE7063F263D0978006A1442 /* README.md in Resources */ = {isa = PBXBuildFile; fileRef = 4BE7063B263D0978006A1442 /* README.md */; };
		4BE70640263D0978006A1442 /* manifest.json in Resources */ = {isa = PBXBuildFile; fileRef = 4BE7063C263D0978006A1442 /* manifest.json */; };
		4BE70641263D0978006A1442 /* content.js in Resources */ = {isa = PBXBuildFile; fileRef = 4BE7063D263D0978006A1442 /* content.js */; };
/* End PBXBuildFile section */

/* Begin PBXContainerItemProxy section */
		4BE70626263D0977006A1442 /* PBXContainerItemProxy */ = {
			isa = PBXContainerItemProxy;
			containerPortal = 4BE7060A263D0974006A1442 /* Project object */;
			proxyType = 1;
			remoteGlobalIDString = 4BE70623263D0977006A1442;
			remoteInfo = "Booble Extension";
		};
/* End PBXContainerItemProxy section */

/* Begin PBXCopyFilesBuildPhase section */
		4BE70635263D0977006A1442 /* Embed App Extensions */ = {
			isa = PBXCopyFilesBuildPhase;
			buildActionMask = 2147483647;
			dstPath = "";
			dstSubfolderSpec = 13;
			files = (
				4BE70625263D0977006A1442 /* Booble Extension.appex in Embed App Extensions */,
			);
			name = "Embed App Extensions";
			runOnlyForDeploymentPostprocessing = 0;
		};
/* End PBXCopyFilesBuildPhase section */

/* Begin PBXFileReference section */
		4BE70612263D0974006A1442 /* Booble.app */ = {isa = PBXFileReference; explicitFileType = wrapper.application; includeInIndex = 0; path = Booble.app; sourceTree = BUILT_PRODUCTS_DIR; };
		4BE70615263D0974006A1442 /* Booble.entitlements */ = {isa = PBXFileReference; lastKnownFileType = text.plist.entitlements; path = Booble.entitlements; sourceTree = "<group>"; };
		4BE70616263D0974006A1442 /* AppDelegate.swift */ = {isa = PBXFileReference; lastKnownFileType = sourcecode.swift; path = AppDelegate.swift; sourceTree = "<group>"; };
		4BE70619263D0974006A1442 /* Base */ = {isa = PBXFileReference; lastKnownFileType = file.storyboard; name = Base; path = Base.lproj/Main.storyboard; sourceTree = "<group>"; };
		4BE7061B263D0974006A1442 /* ViewController.swift */ = {isa = PBXFileReference; lastKnownFileType = sourcecode.swift; path = ViewController.swift; sourceTree = "<group>"; };
		4BE7061D263D0977006A1442 /* Assets.xcassets */ = {isa = PBXFileReference; lastKnownFileType = folder.assetcatalog; path = Assets.xcassets; sourceTree = "<group>"; };
		4BE7061F263D0977006A1442 /* Info.plist */ = {isa = PBXFileReference; lastKnownFileType = text.plist.xml; path = Info.plist; sourceTree = "<group>"; };
		4BE70624263D0977006A1442 /* Booble Extension.appex */ = {isa = PBXFileReference; explicitFileType = "wrapper.app-extension"; includeInIndex = 0; path = "Booble Extension.appex"; sourceTree = BUILT_PRODUCTS_DIR; };
		4BE70629263D0977006A1442 /* Cocoa.framework */ = {isa = PBXFileReference; lastKnownFileType = wrapper.framework; name = Cocoa.framework; path = System/Library/Frameworks/Cocoa.framework; sourceTree = SDKROOT; };
		4BE7062C263D0977006A1442 /* SafariWebExtensionHandler.swift */ = {isa = PBXFileReference; lastKnownFileType = sourcecode.swift; path = SafariWebExtensionHandler.swift; sourceTree = "<group>"; };
		4BE7062E263D0977006A1442 /* Info.plist */ = {isa = PBXFileReference; lastKnownFileType = text.plist.xml; path = Info.plist; sourceTree = "<group>"; };
		4BE7062F263D0977006A1442 /* Booble_Extension.entitlements */ = {isa = PBXFileReference; lastKnownFileType = text.plist.entitlements; path = Booble_Extension.entitlements; sourceTree = "<group>"; };
		4BE7063A263D0978006A1442 /* images */ = {isa = PBXFileReference; lastKnownFileType = folder; name = images; path = ../../../Booble/images; sourceTree = "<group>"; };
		4BE7063B263D0978006A1442 /* README.md */ = {isa = PBXFileReference; lastKnownFileType = net.daringfireball.markdown; name = README.md; path = ../../../Booble/README.md; sourceTree = "<group>"; };
		4BE7063C263D0978006A1442 /* manifest.json */ = {isa = PBXFileReference; lastKnownFileType = text.json; name = manifest.json; path = ../../../Booble/manifest.json; sourceTree = "<group>"; };
		4BE7063D263D0978006A1442 /* content.js */ = {isa = PBXFileReference; lastKnownFileType = sourcecode.javascript; name = content.js; path = ../../../Booble/content.js; sourceTree = "<group>"; };
/* End PBXFileReference section */

/* Begin PBXFrameworksBuildPhase section */
		4BE7060F263D0974006A1442 /* Frameworks */ = {
			isa = PBXFrameworksBuildPhase;
			buildActionMask = 2147483647;
			files = (
			);
			runOnlyForDeploymentPostprocessing = 0;
		};
		4BE70621263D0977006A1442 /* Frameworks */ = {
			isa = PBXFrameworksBuildPhase;
			buildActionMask = 2147483647;
			files = (
				4BE7062A263D0977006A1442 /* Cocoa.framework in Frameworks */,
			);
			runOnlyForDeploymentPostprocessing = 0;
		};
/* End PBXFrameworksBuildPhase section */

/* Begin PBXGroup section */
		4BE70609263D0974006A1442 = {
			isa = PBXGroup;
			children = (
				4BE70614263D0974006A1442 /* Booble */,
				4BE7062B263D0977006A1442 /* Booble Extension */,
				4BE70628263D0977006A1442 /* Frameworks */,
				4BE70613263D0974006A1442 /* Products */,
			);
			sourceTree = "<group>";
		};
		4BE70613263D0974006A1442 /* Products */ = {
			isa = PBXGroup;
			children = (
				4BE70612263D0974006A1442 /* Booble.app */,
				4BE70624263D0977006A1442 /* Booble Extension.appex */,
			);
			name = Products;
			sourceTree = "<group>";
		};
		4BE70614263D0974006A1442 /* Booble */ = {
			isa = PBXGroup;
			children = (
				4BE70615263D0974006A1442 /* Booble.entitlements */,
				4BE70616263D0974006A1442 /* AppDelegate.swift */,
				4BE70618263D0974006A1442 /* Main.storyboard */,
				4BE7061B263D0974006A1442 /* ViewController.swift */,
				4BE7061D263D0977006A1442 /* Assets.xcassets */,
				4BE7061F263D0977006A1442 /* Info.plist */,
			);
			path = Booble;
			sourceTree = "<group>";
		};
		4BE70628263D0977006A1442 /* Frameworks */ = {
			isa = PBXGroup;
			children = (
				4BE70629263D0977006A1442 /* Cocoa.framework */,
			);
			name = Frameworks;
			sourceTree = "<group>";
		};
		4BE7062B263D0977006A1442 /* Booble Extension */ = {
			isa = PBXGroup;
			children = (
				4BE70639263D0978006A1442 /* Resources */,
				4BE7062C263D0977006A1442 /* SafariWebExtensionHandler.swift */,
				4BE7062E263D0977006A1442 /* Info.plist */,
				4BE7062F263D0977006A1442 /* Booble_Extension.entitlements */,
			);
			path = "Booble Extension";
			sourceTree = "<group>";
		};
		4BE70639263D0978006A1442 /* Resources */ = {
			isa = PBXGroup;
			children = (
				4BE7063A263D0978006A1442 /* images */,
				4BE7063B263D0978006A1442 /* README.md */,
				4BE7063C263D0978006A1442 /* manifest.json */,
				4BE7063D263D0978006A1442 /* content.js */,
			);
			name = Resources;
			path = "Booble Extension";
			sourceTree = SOURCE_ROOT;
		};
/* End PBXGroup section */

/* Begin PBXNativeTarget section */
		4BE70611263D0974006A1442 /* Booble */ = {
			isa = PBXNativeTarget;
			buildConfigurationList = 4BE70636263D0977006A1442 /* Build configuration list for PBXNativeTarget "Booble" */;
			buildPhases = (
				4BE7060E263D0974006A1442 /* Sources */,
				4BE7060F263D0974006A1442 /* Frameworks */,
				4BE70610263D0974006A1442 /* Resources */,
				4BE70635263D0977006A1442 /* Embed App Extensions */,
			);
			buildRules = (
			);
			dependencies = (
				4BE70627263D0977006A1442 /* PBXTargetDependency */,
			);
			name = Booble;
			productName = Booble;
			productReference = 4BE70612263D0974006A1442 /* Booble.app */;
			productType = "com.apple.product-type.application";
		};
		4BE70623263D0977006A1442 /* Booble Extension */ = {
			isa = PBXNativeTarget;
			buildConfigurationList = 4BE70632263D0977006A1442 /* Build configuration list for PBXNativeTarget "Booble Extension" */;
			buildPhases = (
				4BE70620263D0977006A1442 /* Sources */,
				4BE70621263D0977006A1442 /* Frameworks */,
				4BE70622263D0977006A1442 /* Resources */,
			);
			buildRules = (
			);
			dependencies = (
			);
			name = "Booble Extension";
			productName = "Booble Extension";
			productReference = 4BE70624263D0977006A1442 /* Booble Extension.appex */;
			productType = "com.apple.product-type.app-extension";
		};
/* End PBXNativeTarget section */

/* Begin PBXProject section */
		4BE7060A263D0974006A1442 /* Project object */ = {
			isa = PBXProject;
			attributes = {
				LastSwiftUpdateCheck = 1250;
				LastUpgradeCheck = 1250;
				TargetAttributes = {
					4BE70611263D0974006A1442 = {
						CreatedOnToolsVersion = 12.5;
					};
					4BE70623263D0977006A1442 = {
						CreatedOnToolsVersion = 12.5;
					};
				};
			};
			buildConfigurationList = 4BE7060D263D0974006A1442 /* Build configuration list for PBXProject "Booble" */;
			compatibilityVersion = "Xcode 9.3";
			developmentRegion = en;
			hasScannedForEncodings = 0;
			knownRegions = (
				en,
				Base,
			);
			mainGroup = 4BE70609263D0974006A1442;
			productRefGroup = 4BE70613263D0974006A1442 /* Products */;
			projectDirPath = "";
			projectRoot = "";
			targets = (
				4BE70611263D0974006A1442 /* Booble */,
				4BE70623263D0977006A1442 /* Booble Extension */,
			);
		};
/* End PBXProject section */

/* Begin PBXResourcesBuildPhase section */
		4BE70610263D0974006A1442 /* Resources */ = {
			isa = PBXResourcesBuildPhase;
			buildActionMask = 2147483647;
			files = (
				4BE7061E263D0977006A1442 /* Assets.xcassets in Resources */,
				4BE7061A263D0974006A1442 /* Main.storyboard in Resources */,
			);
			runOnlyForDeploymentPostprocessing = 0;
		};
		4BE70622263D0977006A1442 /* Resources */ = {
			isa = PBXResourcesBuildPhase;
			buildActionMask = 2147483647;
			files = (
				4BE70641263D0978006A1442 /* content.js in Resources */,
				4BE7063F263D0978006A1442 /* README.md in Resources */,
				4BE70640263D0978006A1442 /* manifest.json in Resources */,
				4BE7063E263D0978006A1442 /* images in Resources */,
			);
			runOnlyForDeploymentPostprocessing = 0;
		};
/* End PBXResourcesBuildPhase section */

/* Begin PBXSourcesBuildPhase section */
		4BE7060E263D0974006A1442 /* Sources */ = {
			isa = PBXSourcesBuildPhase;
			buildActionMask = 2147483647;
			files = (
				4BE7061C263D0974006A1442 /* ViewController.swift in Sources */,
				4BE70617263D0974006A1442 /* AppDelegate.swift in Sources */,
			);
			runOnlyForDeploymentPostprocessing = 0;
		};
		4BE70620263D0977006A1442 /* Sources */ = {
			isa = PBXSourcesBuildPhase;
			buildActionMask = 2147483647;
			files = (
				4BE7062D263D0977006A1442 /* SafariWebExtensionHandler.swift in Sources */,
			);
			runOnlyForDeploymentPostprocessing = 0;
		};
/* End PBXSourcesBuildPhase section */

/* Begin PBXTargetDependency section */
		4BE70627263D0977006A1442 /* PBXTargetDependency */ = {
			isa = PBXTargetDependency;
			target = 4BE70623263D0977006A1442 /* Booble Extension */;
			targetProxy = 4BE70626263D0977006A1442 /* PBXContainerItemProxy */;
		};
/* End PBXTargetDependency section */

/* Begin PBXVariantGroup section */
		4BE70618263D0974006A1442 /* Main.storyboard */ = {
			isa = PBXVariantGroup;
			children = (
				4BE70619263D0974006A1442 /* Base */,
			);
			name = Main.storyboard;
			sourceTree = "<group>";
		};
/* End PBXVariantGroup section */

/* Begin XCBuildConfiguration section */
		4BE70630263D0977006A1442 /* Debug */ = {
			isa = XCBuildConfiguration;
			buildSettings = {
				ALWAYS_SEARCH_USER_PATHS = NO;
				CLANG_ANALYZER_NONNULL = YES;
				CLANG_ANALYZER_NUMBER_OBJECT_CONVERSION = YES_AGGRESSIVE;
				CLANG_CXX_LANGUAGE_STANDARD = "gnu++14";
				CLANG_CXX_LIBRARY = "libc++";
				CLANG_ENABLE_MODULES = YES;
				CLANG_ENABLE_OBJC_ARC = YES;
				CLANG_ENABLE_OBJC_WEAK = YES;
				CLANG_WARN_BLOCK_CAPTURE_AUTORELEASING = YES;
				CLANG_WARN_BOOL_CONVERSION = YES;
				CLANG_WARN_COMMA = YES;
				CLANG_WARN_CONSTANT_CONVERSION = YES;
				CLANG_WARN_DEPRECATED_OBJC_IMPLEMENTATIONS = YES;
				CLANG_WARN_DIRECT_OBJC_ISA_USAGE = YES_ERROR;
				CLANG_WARN_DOCUMENTATION_COMMENTS = YES;
				CLANG_WARN_EMPTY_BODY = YES;
				CLANG_WARN_ENUM_CONVERSION = YES;
				CLANG_WARN_INFINITE_RECURSION = YES;
				CLANG_WARN_INT_CONVERSION = YES;
				CLANG_WARN_NON_LITERAL_NULL_CONVERSION = YES;
				CLANG_WARN_OBJC_IMPLICIT_RETAIN_SELF = YES;
				CLANG_WARN_OBJC_LITERAL_CONVERSION = YES;
				CLANG_WARN_OBJC_ROOT_CLASS = YES_ERROR;
				CLANG_WARN_QUOTED_INCLUDE_IN_FRAMEWORK_HEADER = YES;
				CLANG_WARN_RANGE_LOOP_ANALYSIS = YES;
				CLANG_WARN_STRICT_PROTOTYPES = YES;
				CLANG_WARN_SUSPICIOUS_MOVE = YES;
				CLANG_WARN_UNGUARDED_AVAILABILITY = YES_AGGRESSIVE;
				CLANG_WARN_UNREACHABLE_CODE = YES;
				CLANG_WARN__DUPLICATE_METHOD_MATCH = YES;
				COPY_PHASE_STRIP = NO;
				DEBUG_INFORMATION_FORMAT = dwarf;
				ENABLE_STRICT_OBJC_MSGSEND = YES;
				ENABLE_TESTABILITY = YES;
				GCC_C_LANGUAGE_STANDARD = gnu11;
				GCC_DYNAMIC_NO_PIC = NO;
				GCC_NO_COMMON_BLOCKS = YES;
				GCC_OPTIMIZATION_LEVEL = 0;
				GCC_PREPROCESSOR_DEFINITIONS = (
					"DEBUG=1",
					"$(inherited)",
				);
				GCC_WARN_64_TO_32_BIT_CONVERSION = YES;
				GCC_WARN_ABOUT_RETURN_TYPE = YES_ERROR;
				GCC_WARN_UNDECLARED_SELECTOR = YES;
				GCC_WARN_UNINITIALIZED_AUTOS = YES_AGGRESSIVE;
				GCC_WARN_UNUSED_FUNCTION = YES;
				GCC_WARN_UNUSED_VARIABLE = YES;
				MACOSX_DEPLOYMENT_TARGET = 11.3;
				MTL_ENABLE_DEBUG_INFO = INCLUDE_SOURCE;
				MTL_FAST_MATH = YES;
				ONLY_ACTIVE_ARCH = YES;
				SDKROOT = macosx;
				SWIFT_ACTIVE_COMPILATION_CONDITIONS = DEBUG;
				SWIFT_OPTIMIZATION_LEVEL = "-Onone";
			};
			name = Debug;
		};
		4BE70631263D0977006A1442 /* Release */ = {
			isa = XCBuildConfiguration;
			buildSettings = {
				ALWAYS_SEARCH_USER_PATHS = NO;
				CLANG_ANALYZER_NONNULL = YES;
				CLANG_ANALYZER_NUMBER_OBJECT_CONVERSION = YES_AGGRESSIVE;
				CLANG_CXX_LANGUAGE_STANDARD = "gnu++14";
				CLANG_CXX_LIBRARY = "libc++";
				CLANG_ENABLE_MODULES = YES;
				CLANG_ENABLE_OBJC_ARC = YES;
				CLANG_ENABLE_OBJC_WEAK = YES;
				CLANG_WARN_BLOCK_CAPTURE_AUTORELEASING = YES;
				CLANG_WARN_BOOL_CONVERSION = YES;
				CLANG_WARN_COMMA = YES;
				CLANG_WARN_CONSTANT_CONVERSION = YES;
				CLANG_WARN_DEPRECATED_OBJC_IMPLEMENTATIONS = YES;
				CLANG_WARN_DIRECT_OBJC_ISA_USAGE = YES_ERROR;
				CLANG_WARN_DOCUMENTATION_COMMENTS = YES;
				CLANG_WARN_EMPTY_BODY = YES;
				CLANG_WARN_ENUM_CONVERSION = YES;
				CLANG_WARN_INFINITE_RECURSION = YES;
				CLANG_WARN_INT_CONVERSION = YES;
				CLANG_WARN_NON_LITERAL_NULL_CONVERSION = YES;
				CLANG_WARN_OBJC_IMPLICIT_RETAIN_SELF = YES;
				CLANG_WARN_OBJC_LITERAL_CONVERSION = YES;
				CLANG_WARN_OBJC_ROOT_CLASS = YES_ERROR;
				CLANG_WARN_QUOTED_INCLUDE_IN_FRAMEWORK_HEADER = YES;
				CLANG_WARN_RANGE_LOOP_ANALYSIS = YES;
				CLANG_WARN_STRICT_PROTOTYPES = YES;
				CLANG_WARN_SUSPICIOUS_MOVE = YES;
				CLANG_WARN_UNGUARDED_AVAILABILITY = YES_AGGRESSIVE;
				CLANG_WARN_UNREACHABLE_CODE = YES;
				CLANG_WARN__DUPLICATE_METHOD_MATCH = YES;
				COPY_PHASE_STRIP = NO;
				DEBUG_INFORMATION_FORMAT = "dwarf-with-dsym";
				ENABLE_NS_ASSERTIONS = NO;
				ENABLE_STRICT_OBJC_MSGSEND = YES;
				GCC_C_LANGUAGE_STANDARD = gnu11;
				GCC_NO_COMMON_BLOCKS = YES;
				GCC_WARN_64_TO_32_BIT_CONVERSION = YES;
				GCC_WARN_ABOUT_RETURN_TYPE = YES_ERROR;
				GCC_WARN_UNDECLARED_SELECTOR = YES;
				GCC_WARN_UNINITIALIZED_AUTOS = YES_AGGRESSIVE;
				GCC_WARN_UNUSED_FUNCTION = YES;
				GCC_WARN_UNUSED_VARIABLE = YES;
				MACOSX_DEPLOYMENT_TARGET = 11.3;
				MTL_ENABLE_DEBUG_INFO = NO;
				MTL_FAST_MATH = YES;
				SDKROOT = macosx;
				SWIFT_COMPILATION_MODE = wholemodule;
				SWIFT_OPTIMIZATION_LEVEL = "-O";
			};
			name = Release;
		};
		4BE70633263D0977006A1442 /* Debug */ = {
			isa = XCBuildConfiguration;
			buildSettings = {
				CODE_SIGN_ENTITLEMENTS = "Booble Extension/Booble_Extension.entitlements";
				CODE_SIGN_STYLE = Automatic;
				INFOPLIST_FILE = "Booble Extension/Info.plist";
				LD_RUNPATH_SEARCH_PATHS = (
					"$(inherited)",
					"@executable_path/../Frameworks",
					"@executable_path/../../../../Frameworks",
				);
				MACOSX_DEPLOYMENT_TARGET = 10.14;
				PRODUCT_BUNDLE_IDENTIFIER = moe.waifupaste.Booble.Extension;
				PRODUCT_NAME = "$(TARGET_NAME)";
				SKIP_INSTALL = YES;
				SWIFT_VERSION = 5.0;
			};
			name = Debug;
		};
		4BE70634263D0977006A1442 /* Release */ = {
			isa = XCBuildConfiguration;
			buildSettings = {
				CODE_SIGN_ENTITLEMENTS = "Booble Extension/Booble_Extension.entitlements";
				CODE_SIGN_STYLE = Automatic;
				INFOPLIST_FILE = "Booble Extension/Info.plist";
				LD_RUNPATH_SEARCH_PATHS = (
					"$(inherited)",
					"@executable_path/../Frameworks",
					"@executable_path/../../../../Frameworks",
				);
				MACOSX_DEPLOYMENT_TARGET = 10.14;
				PRODUCT_BUNDLE_IDENTIFIER = moe.waifupaste.Booble.Extension;
				PRODUCT_NAME = "$(TARGET_NAME)";
				SKIP_INSTALL = YES;
				SWIFT_VERSION = 5.0;
			};
			name = Release;
		};
		4BE70637263D0977006A1442 /* Debug */ = {
			isa = XCBuildConfiguration;
			buildSettings = {
				ALWAYS_EMBED_SWIFT_STANDARD_LIBRARIES = YES;
				ASSETCATALOG_COMPILER_APPICON_NAME = AppIcon;
				ASSETCATALOG_COMPILER_GLOBAL_ACCENT_COLOR_NAME = AccentColor;
				CODE_SIGN_ENTITLEMENTS = Booble/Booble.entitlements;
				CODE_SIGN_STYLE = Automatic;
				COMBINE_HIDPI_IMAGES = YES;
				INFOPLIST_FILE = Booble/Info.plist;
				LD_RUNPATH_SEARCH_PATHS = (
					"$(inherited)",
					"@executable_path/../Frameworks",
				);
				MACOSX_DEPLOYMENT_TARGET = 10.14;
				PRODUCT_BUNDLE_IDENTIFIER = moe.waifupaste.Booble;
				PRODUCT_NAME = "$(TARGET_NAME)";
				SWIFT_VERSION = 5.0;
			};
			name = Debug;
		};
		4BE70638263D0977006A1442 /* Release */ = {
			isa = XCBuildConfiguration;
			buildSettings = {
				ALWAYS_EMBED_SWIFT_STANDARD_LIBRARIES = YES;
				ASSETCATALOG_COMPILER_APPICON_NAME = AppIcon;
				ASSETCATALOG_COMPILER_GLOBAL_ACCENT_COLOR_NAME = AccentColor;
				CODE_SIGN_ENTITLEMENTS = Booble/Booble.entitlements;
				CODE_SIGN_STYLE = Automatic;
				COMBINE_HIDPI_IMAGES = YES;
				INFOPLIST_FILE = Booble/Info.plist;
				LD_RUNPATH_SEARCH_PATHS = (
					"$(inherited)",
					"@executable_path/../Frameworks",
				);
				MACOSX_DEPLOYMENT_TARGET = 10.14;
				PRODUCT_BUNDLE_IDENTIFIER = moe.waifupaste.Booble;
				PRODUCT_NAME = "$(TARGET_NAME)";
				SWIFT_VERSION = 5.0;
			};
			name = Release;
		};
/* End XCBuildConfiguration section */

/* Begin XCConfigurationList section */
		4BE7060D263D0974006A1442 /* Build configuration list for PBXProject "Booble" */ = {
			isa = XCConfigurationList;
			buildConfigurations = (
				4BE70630263D0977006A1442 /* Debug */,
				4BE70631263D0977006A1442 /* Release */,
			);
			defaultConfigurationIsVisible = 0;
			defaultConfigurationName = Release;
		};
		4BE70632263D0977006A1442 /* Build configuration list for PBXNativeTarget "Booble Extension" */ = {
			isa = XCConfigurationList;
			buildConfigurations = (
				4BE70633263D0977006A1442 /* Debug */,
				4BE70634263D0977006A1442 /* Release */,
			);
			defaultConfigurationIsVisible = 0;
			defaultConfigurationName = Release;
		};
		4BE70636263D0977006A1442 /* Build configuration list for PBXNativeTarget "Booble" */ = {
			isa = XCConfigurationList;
			buildConfigurations = (
				4BE70637263D0977006A1442 /* Debug */,
				4BE70638263D0977006A1442 /* Release */,
			);
			defaultConfigurationIsVisible = 0;
			defaultConfigurationName = Release;
		};
/* End XCConfigurationList section */
	};
	rootObject = 4BE7060A263D0974006A1442 /* Project object */;
}
